// !$*UTF8*$!
{
	archiveVersion = 1;
	classes = {
	};
	objectVersion = 56;
	objects = {

/* Begin PBXBuildFile section */
		FEE1B0642C7913600015DB7A /* iMarketApp.swift in Sources */ = {isa = PBXBuildFile; fileRef = FEE1B0632C7913600015DB7A /* iMarketApp.swift */; };
		FEE1B0662C7913600015DB7A /* ContentView.swift in Sources */ = {isa = PBXBuildFile; fileRef = FEE1B0652C7913600015DB7A /* ContentView.swift */; };
		FEE1B0682C7913620015DB7A /* Assets.xcassets in Resources */ = {isa = PBXBuildFile; fileRef = FEE1B0672C7913620015DB7A /* Assets.xcassets */; };
		FEE1B06B2C7913620015DB7A /* Preview Assets.xcassets in Resources */ = {isa = PBXBuildFile; fileRef = FEE1B06A2C7913620015DB7A /* Preview Assets.xcassets */; };
		FEE1B0722C79162E0015DB7A /* ItemView.swift in Sources */ = {isa = PBXBuildFile; fileRef = FEE1B0712C79162E0015DB7A /* ItemView.swift */; };
		FEE1B0752C79188F0015DB7A /* Models.swift in Sources */ = {isa = PBXBuildFile; fileRef = FEE1B0742C79188F0015DB7A /* Models.swift */; };
		FEE1B0772C791C450015DB7A /* ProductService.swift in Sources */ = {isa = PBXBuildFile; fileRef = FEE1B0762C791C450015DB7A /* ProductService.swift */; };
		FEE1B07B2C7A56700015DB7A /* ProductViewModel.swift in Sources */ = {isa = PBXBuildFile; fileRef = FEE1B07A2C7A56700015DB7A /* ProductViewModel.swift */; };
		FEE1B07F2C7A56BF0015DB7A /* ItemListView.swift in Sources */ = {isa = PBXBuildFile; fileRef = FEE1B07E2C7A56BF0015DB7A /* ItemListView.swift */; };
		FEE1B0812C7A76800015DB7A /* CartItemView.swift in Sources */ = {isa = PBXBuildFile; fileRef = FEE1B0802C7A76800015DB7A /* CartItemView.swift */; };
		FEE1B0832C7A834B0015DB7A /* CartView.swift in Sources */ = {isa = PBXBuildFile; fileRef = FEE1B0822C7A834B0015DB7A /* CartView.swift */; };
		FEE1B0872C7AB01A0015DB7A /* SavedItemView.swift in Sources */ = {isa = PBXBuildFile; fileRef = FEE1B0862C7AB01A0015DB7A /* SavedItemView.swift */; };
		FEE1B0892C7ABD960015DB7A /* BadgeView.swift in Sources */ = {isa = PBXBuildFile; fileRef = FEE1B0882C7ABD960015DB7A /* BadgeView.swift */; };
/* End PBXBuildFile section */

/* Begin PBXFileReference section */
		FEE1B0602C7913600015DB7A /* iMarket.app */ = {isa = PBXFileReference; explicitFileType = wrapper.application; includeInIndex = 0; path = iMarket.app; sourceTree = BUILT_PRODUCTS_DIR; };
		FEE1B0632C7913600015DB7A /* iMarketApp.swift */ = {isa = PBXFileReference; lastKnownFileType = sourcecode.swift; path = iMarketApp.swift; sourceTree = "<group>"; };
		FEE1B0652C7913600015DB7A /* ContentView.swift */ = {isa = PBXFileReference; lastKnownFileType = sourcecode.swift; path = ContentView.swift; sourceTree = "<group>"; };
		FEE1B0672C7913620015DB7A /* Assets.xcassets */ = {isa = PBXFileReference; lastKnownFileType = folder.assetcatalog; path = Assets.xcassets; sourceTree = "<group>"; };
		FEE1B06A2C7913620015DB7A /* Preview Assets.xcassets */ = {isa = PBXFileReference; lastKnownFileType = folder.assetcatalog; path = "Preview Assets.xcassets"; sourceTree = "<group>"; };
		FEE1B0712C79162E0015DB7A /* ItemView.swift */ = {isa = PBXFileReference; lastKnownFileType = sourcecode.swift; path = ItemView.swift; sourceTree = "<group>"; };
		FEE1B0742C79188F0015DB7A /* Models.swift */ = {isa = PBXFileReference; lastKnownFileType = sourcecode.swift; path = Models.swift; sourceTree = "<group>"; };
		FEE1B0762C791C450015DB7A /* ProductService.swift */ = {isa = PBXFileReference; lastKnownFileType = sourcecode.swift; path = ProductService.swift; sourceTree = "<group>"; };
		FEE1B07A2C7A56700015DB7A /* ProductViewModel.swift */ = {isa = PBXFileReference; lastKnownFileType = sourcecode.swift; path = ProductViewModel.swift; sourceTree = "<group>"; };
		FEE1B07E2C7A56BF0015DB7A /* ItemListView.swift */ = {isa = PBXFileReference; lastKnownFileType = sourcecode.swift; path = ItemListView.swift; sourceTree = "<group>"; };
		FEE1B0802C7A76800015DB7A /* CartItemView.swift */ = {isa = PBXFileReference; lastKnownFileType = sourcecode.swift; path = CartItemView.swift; sourceTree = "<group>"; };
		FEE1B0822C7A834B0015DB7A /* CartView.swift */ = {isa = PBXFileReference; lastKnownFileType = sourcecode.swift; path = CartView.swift; sourceTree = "<group>"; };
		FEE1B0862C7AB01A0015DB7A /* SavedItemView.swift */ = {isa = PBXFileReference; lastKnownFileType = sourcecode.swift; path = SavedItemView.swift; sourceTree = "<group>"; };
		FEE1B0882C7ABD960015DB7A /* BadgeView.swift */ = {isa = PBXFileReference; lastKnownFileType = sourcecode.swift; path = BadgeView.swift; sourceTree = "<group>"; };
/* End PBXFileReference section */

/* Begin PBXFrameworksBuildPhase section */
		FEE1B05D2C7913600015DB7A /* Frameworks */ = {
			isa = PBXFrameworksBuildPhase;
			buildActionMask = 2147483647;
			files = (
			);
			runOnlyForDeploymentPostprocessing = 0;
		};
/* End PBXFrameworksBuildPhase section */

/* Begin PBXGroup section */
		FEE1B0572C7913600015DB7A = {
			isa = PBXGroup;
			children = (
				FEE1B0882C7ABD960015DB7A /* BadgeView.swift */,
				FEE1B0622C7913600015DB7A /* iMarket */,
				FEE1B0612C7913600015DB7A /* Products */,
			);
			sourceTree = "<group>";
		};
		FEE1B0612C7913600015DB7A /* Products */ = {
			isa = PBXGroup;
			children = (
				FEE1B0602C7913600015DB7A /* iMarket.app */,
			);
			name = Products;
			sourceTree = "<group>";
		};
		FEE1B0622C7913600015DB7A /* iMarket */ = {
			isa = PBXGroup;
			children = (
				FEE1B0632C7913600015DB7A /* iMarketApp.swift */,
				FEE1B0652C7913600015DB7A /* ContentView.swift */,
				FEE1B0742C79188F0015DB7A /* Models.swift */,
				FEE1B0762C791C450015DB7A /* ProductService.swift */,
				FEE1B07A2C7A56700015DB7A /* ProductViewModel.swift */,
				FEE1B0672C7913620015DB7A /* Assets.xcassets */,
				FEE1B0732C79163A0015DB7A /* Views */,
				FEE1B0692C7913620015DB7A /* Preview Content */,
			);
			path = iMarket;
			sourceTree = "<group>";
		};
		FEE1B0692C7913620015DB7A /* Preview Content */ = {
			isa = PBXGroup;
			children = (
				FEE1B06A2C7913620015DB7A /* Preview Assets.xcassets */,
			);
			path = "Preview Content";
			sourceTree = "<group>";
		};
		FEE1B0732C79163A0015DB7A /* Views */ = {
			isa = PBXGroup;
			children = (
				FEE1B0822C7A834B0015DB7A /* CartView.swift */,
				FEE1B0802C7A76800015DB7A /* CartItemView.swift */,
				FEE1B0712C79162E0015DB7A /* ItemView.swift */,
				FEE1B07E2C7A56BF0015DB7A /* ItemListView.swift */,
				FEE1B0862C7AB01A0015DB7A /* SavedItemView.swift */,
			);
			path = Views;
			sourceTree = "<group>";
		};
/* End PBXGroup section */

/* Begin PBXNativeTarget section */
		FEE1B05F2C7913600015DB7A /* iMarket */ = {
			isa = PBXNativeTarget;
			buildConfigurationList = FEE1B06E2C7913620015DB7A /* Build configuration list for PBXNativeTarget "iMarket" */;
			buildPhases = (
				FEE1B05C2C7913600015DB7A /* Sources */,
				FEE1B05D2C7913600015DB7A /* Frameworks */,
				FEE1B05E2C7913600015DB7A /* Resources */,
			);
			buildRules = (
			);
			dependencies = (
			);
			name = iMarket;
			productName = iMarket;
			productReference = FEE1B0602C7913600015DB7A /* iMarket.app */;
			productType = "com.apple.product-type.application";
		};
/* End PBXNativeTarget section */

/* Begin PBXProject section */
		FEE1B0582C7913600015DB7A /* Project object */ = {
			isa = PBXProject;
			attributes = {
				BuildIndependentTargetsInParallel = 1;
				LastSwiftUpdateCheck = 1540;
				LastUpgradeCheck = 1540;
				TargetAttributes = {
					FEE1B05F2C7913600015DB7A = {
						CreatedOnToolsVersion = 15.4;
					};
				};
			};
			buildConfigurationList = FEE1B05B2C7913600015DB7A /* Build configuration list for PBXProject "iMarket" */;
			compatibilityVersion = "Xcode 14.0";
			developmentRegion = en;
			hasScannedForEncodings = 0;
			knownRegions = (
				en,
				Base,
			);
			mainGroup = FEE1B0572C7913600015DB7A;
			productRefGroup = FEE1B0612C7913600015DB7A /* Products */;
			projectDirPath = "";
			projectRoot = "";
			targets = (
				FEE1B05F2C7913600015DB7A /* iMarket */,
			);
		};
/* End PBXProject section */

/* Begin PBXResourcesBuildPhase section */
		FEE1B05E2C7913600015DB7A /* Resources */ = {
			isa = PBXResourcesBuildPhase;
			buildActionMask = 2147483647;
			files = (
				FEE1B06B2C7913620015DB7A /* Preview Assets.xcassets in Resources */,
				FEE1B0682C7913620015DB7A /* Assets.xcassets in Resources */,
			);
			runOnlyForDeploymentPostprocessing = 0;
		};
/* End PBXResourcesBuildPhase section */

/* Begin PBXSourcesBuildPhase section */
		FEE1B05C2C7913600015DB7A /* Sources */ = {
			isa = PBXSourcesBuildPhase;
			buildActionMask = 2147483647;
			files = (
				FEE1B0892C7ABD960015DB7A /* BadgeView.swift in Sources */,
				FEE1B0832C7A834B0015DB7A /* CartView.swift in Sources */,
				FEE1B07B2C7A56700015DB7A /* ProductViewModel.swift in Sources */,
				FEE1B0662C7913600015DB7A /* ContentView.swift in Sources */,
				FEE1B0722C79162E0015DB7A /* ItemView.swift in Sources */,
				FEE1B0642C7913600015DB7A /* iMarketApp.swift in Sources */,
				FEE1B0872C7AB01A0015DB7A /* SavedItemView.swift in Sources */,
				FEE1B0752C79188F0015DB7A /* Models.swift in Sources */,
				FEE1B0772C791C450015DB7A /* ProductService.swift in Sources */,
				FEE1B0812C7A76800015DB7A /* CartItemView.swift in Sources */,
				FEE1B07F2C7A56BF0015DB7A /* ItemListView.swift in Sources */,
			);
			runOnlyForDeploymentPostprocessing = 0;
		};
/* End PBXSourcesBuildPhase section */

/* Begin XCBuildConfiguration section */
		FEE1B06C2C7913620015DB7A /* Debug */ = {
			isa = XCBuildConfiguration;
			buildSettings = {
				ALWAYS_SEARCH_USER_PATHS = NO;
				ASSETCATALOG_COMPILER_GENERATE_SWIFT_ASSET_SYMBOL_EXTENSIONS = YES;
				CLANG_ANALYZER_NONNULL = YES;
				CLANG_ANALYZER_NUMBER_OBJECT_CONVERSION = YES_AGGRESSIVE;
				CLANG_CXX_LANGUAGE_STANDARD = "gnu++20";
				CLANG_ENABLE_MODULES = YES;
				CLANG_ENABLE_OBJC_ARC = YES;
				CLANG_ENABLE_OBJC_WEAK = YES;
				CLANG_WARN_BLOCK_CAPTURE_AUTORELEASING = YES;
				CLANG_WARN_BOOL_CONVERSION = YES;
				CLANG_WARN_COMMA = YES;
				CLANG_WARN_CONSTANT_CONVERSION = YES;
				CLANG_WARN_DEPRECATED_OBJC_IMPLEMENTATIONS = YES;
				CLANG_WARN_DIRECT_OBJC_ISA_USAGE = YES_ERROR;
				CLANG_WARN_DOCUMENTATION_COMMENTS = YES;
				CLANG_WARN_EMPTY_BODY = YES;
				CLANG_WARN_ENUM_CONVERSION = YES;
				CLANG_WARN_INFINITE_RECURSION = YES;
				CLANG_WARN_INT_CONVERSION = YES;
				CLANG_WARN_NON_LITERAL_NULL_CONVERSION = YES;
				CLANG_WARN_OBJC_IMPLICIT_RETAIN_SELF = YES;
				CLANG_WARN_OBJC_LITERAL_CONVERSION = YES;
				CLANG_WARN_OBJC_ROOT_CLASS = YES_ERROR;
				CLANG_WARN_QUOTED_INCLUDE_IN_FRAMEWORK_HEADER = YES;
				CLANG_WARN_RANGE_LOOP_ANALYSIS = YES;
				CLANG_WARN_STRICT_PROTOTYPES = YES;
				CLANG_WARN_SUSPICIOUS_MOVE = YES;
				CLANG_WARN_UNGUARDED_AVAILABILITY = YES_AGGRESSIVE;
				CLANG_WARN_UNREACHABLE_CODE = YES;
				CLANG_WARN__DUPLICATE_METHOD_MATCH = YES;
				COPY_PHASE_STRIP = NO;
				DEBUG_INFORMATION_FORMAT = dwarf;
				ENABLE_STRICT_OBJC_MSGSEND = YES;
				ENABLE_TESTABILITY = YES;
				ENABLE_USER_SCRIPT_SANDBOXING = YES;
				GCC_C_LANGUAGE_STANDARD = gnu17;
				GCC_DYNAMIC_NO_PIC = NO;
				GCC_NO_COMMON_BLOCKS = YES;
				GCC_OPTIMIZATION_LEVEL = 0;
				GCC_PREPROCESSOR_DEFINITIONS = (
					"DEBUG=1",
					"$(inherited)",
				);
				GCC_WARN_64_TO_32_BIT_CONVERSION = YES;
				GCC_WARN_ABOUT_RETURN_TYPE = YES_ERROR;
				GCC_WARN_UNDECLARED_SELECTOR = YES;
				GCC_WARN_UNINITIALIZED_AUTOS = YES_AGGRESSIVE;
				GCC_WARN_UNUSED_FUNCTION = YES;
				GCC_WARN_UNUSED_VARIABLE = YES;
				IPHONEOS_DEPLOYMENT_TARGET = 17.5;
				LOCALIZATION_PREFERS_STRING_CATALOGS = YES;
				MTL_ENABLE_DEBUG_INFO = INCLUDE_SOURCE;
				MTL_FAST_MATH = YES;
				ONLY_ACTIVE_ARCH = YES;
				SDKROOT = iphoneos;
				SWIFT_ACTIVE_COMPILATION_CONDITIONS = "DEBUG $(inherited)";
				SWIFT_OPTIMIZATION_LEVEL = "-Onone";
			};
			name = Debug;
		};
		FEE1B06D2C7913620015DB7A /* Release */ = {
			isa = XCBuildConfiguration;
			buildSettings = {
				ALWAYS_SEARCH_USER_PATHS = NO;
				ASSETCATALOG_COMPILER_GENERATE_SWIFT_ASSET_SYMBOL_EXTENSIONS = YES;
				CLANG_ANALYZER_NONNULL = YES;
				CLANG_ANALYZER_NUMBER_OBJECT_CONVERSION = YES_AGGRESSIVE;
				CLANG_CXX_LANGUAGE_STANDARD = "gnu++20";
				CLANG_ENABLE_MODULES = YES;
				CLANG_ENABLE_OBJC_ARC = YES;
				CLANG_ENABLE_OBJC_WEAK = YES;
				CLANG_WARN_BLOCK_CAPTURE_AUTORELEASING = YES;
				CLANG_WARN_BOOL_CONVERSION = YES;
				CLANG_WARN_COMMA = YES;
				CLANG_WARN_CONSTANT_CONVERSION = YES;
				CLANG_WARN_DEPRECATED_OBJC_IMPLEMENTATIONS = YES;
				CLANG_WARN_DIRECT_OBJC_ISA_USAGE = YES_ERROR;
				CLANG_WARN_DOCUMENTATION_COMMENTS = YES;
				CLANG_WARN_EMPTY_BODY = YES;
				CLANG_WARN_ENUM_CONVERSION = YES;
				CLANG_WARN_INFINITE_RECURSION = YES;
				CLANG_WARN_INT_CONVERSION = YES;
				CLANG_WARN_NON_LITERAL_NULL_CONVERSION = YES;
				CLANG_WARN_OBJC_IMPLICIT_RETAIN_SELF = YES;
				CLANG_WARN_OBJC_LITERAL_CONVERSION = YES;
				CLANG_WARN_OBJC_ROOT_CLASS = YES_ERROR;
				CLANG_WARN_QUOTED_INCLUDE_IN_FRAMEWORK_HEADER = YES;
				CLANG_WARN_RANGE_LOOP_ANALYSIS = YES;
				CLANG_WARN_STRICT_PROTOTYPES = YES;
				CLANG_WARN_SUSPICIOUS_MOVE = YES;
				CLANG_WARN_UNGUARDED_AVAILABILITY = YES_AGGRESSIVE;
				CLANG_WARN_UNREACHABLE_CODE = YES;
				CLANG_WARN__DUPLICATE_METHOD_MATCH = YES;
				COPY_PHASE_STRIP = NO;
				DEBUG_INFORMATION_FORMAT = "dwarf-with-dsym";
				ENABLE_NS_ASSERTIONS = NO;
				ENABLE_STRICT_OBJC_MSGSEND = YES;
				ENABLE_USER_SCRIPT_SANDBOXING = YES;
				GCC_C_LANGUAGE_STANDARD = gnu17;
				GCC_NO_COMMON_BLOCKS = YES;
				GCC_WARN_64_TO_32_BIT_CONVERSION = YES;
				GCC_WARN_ABOUT_RETURN_TYPE = YES_ERROR;
				GCC_WARN_UNDECLARED_SELECTOR = YES;
				GCC_WARN_UNINITIALIZED_AUTOS = YES_AGGRESSIVE;
				GCC_WARN_UNUSED_FUNCTION = YES;
				GCC_WARN_UNUSED_VARIABLE = YES;
				IPHONEOS_DEPLOYMENT_TARGET = 17.5;
				LOCALIZATION_PREFERS_STRING_CATALOGS = YES;
				MTL_ENABLE_DEBUG_INFO = NO;
				MTL_FAST_MATH = YES;
				SDKROOT = iphoneos;
				SWIFT_COMPILATION_MODE = wholemodule;
				VALIDATE_PRODUCT = YES;
			};
			name = Release;
		};
		FEE1B06F2C7913620015DB7A /* Debug */ = {
			isa = XCBuildConfiguration;
			buildSettings = {
				ASSETCATALOG_COMPILER_APPICON_NAME = AppIcon;
				ASSETCATALOG_COMPILER_GLOBAL_ACCENT_COLOR_NAME = AccentColor;
				CODE_SIGN_STYLE = Automatic;
				CURRENT_PROJECT_VERSION = 1;
				DEVELOPMENT_ASSET_PATHS = "\"iMarket/Preview Content\"";
				DEVELOPMENT_TEAM = 7NG9BR6875;
				ENABLE_PREVIEWS = YES;
				GENERATE_INFOPLIST_FILE = YES;
				INFOPLIST_KEY_UIApplicationSceneManifest_Generation = YES;
				INFOPLIST_KEY_UIApplicationSupportsIndirectInputEvents = YES;
				INFOPLIST_KEY_UILaunchScreen_Generation = YES;
				INFOPLIST_KEY_UISupportedInterfaceOrientations_iPad = "UIInterfaceOrientationPortrait UIInterfaceOrientationPortraitUpsideDown UIInterfaceOrientationLandscapeLeft UIInterfaceOrientationLandscapeRight";
				INFOPLIST_KEY_UISupportedInterfaceOrientations_iPhone = "UIInterfaceOrientationPortrait UIInterfaceOrientationLandscapeLeft UIInterfaceOrientationLandscapeRight";
				LD_RUNPATH_SEARCH_PATHS = (
					"$(inherited)",
					"@executable_path/Frameworks",
				);
				MARKETING_VERSION = 1.0;
				PRODUCT_BUNDLE_IDENTIFIER = atc.iMarket;
				PRODUCT_NAME = "$(TARGET_NAME)";
				SWIFT_EMIT_LOC_STRINGS = YES;
				SWIFT_VERSION = 5.0;
				TARGETED_DEVICE_FAMILY = "1,2";
			};
			name = Debug;
		};
		FEE1B0702C7913620015DB7A /* Release */ = {
			isa = XCBuildConfiguration;
			buildSettings = {
				ASSETCATALOG_COMPILER_APPICON_NAME = AppIcon;
				ASSETCATALOG_COMPILER_GLOBAL_ACCENT_COLOR_NAME = AccentColor;
				CODE_SIGN_STYLE = Automatic;
				CURRENT_PROJECT_VERSION = 1;
				DEVELOPMENT_ASSET_PATHS = "\"iMarket/Preview Content\"";
				DEVELOPMENT_TEAM = 7NG9BR6875;
				ENABLE_PREVIEWS = YES;
				GENERATE_INFOPLIST_FILE = YES;
				INFOPLIST_KEY_UIApplicationSceneManifest_Generation = YES;
				INFOPLIST_KEY_UIApplicationSupportsIndirectInputEvents = YES;
				INFOPLIST_KEY_UILaunchScreen_Generation = YES;
				INFOPLIST_KEY_UISupportedInterfaceOrientations_iPad = "UIInterfaceOrientationPortrait UIInterfaceOrientationPortraitUpsideDown UIInterfaceOrientationLandscapeLeft UIInterfaceOrientationLandscapeRight";
				INFOPLIST_KEY_UISupportedInterfaceOrientations_iPhone = "UIInterfaceOrientationPortrait UIInterfaceOrientationLandscapeLeft UIInterfaceOrientationLandscapeRight";
				LD_RUNPATH_SEARCH_PATHS = (
					"$(inherited)",
					"@executable_path/Frameworks",
				);
				MARKETING_VERSION = 1.0;
				PRODUCT_BUNDLE_IDENTIFIER = atc.iMarket;
				PRODUCT_NAME = "$(TARGET_NAME)";
				SWIFT_EMIT_LOC_STRINGS = YES;
				SWIFT_VERSION = 5.0;
				TARGETED_DEVICE_FAMILY = "1,2";
			};
			name = Release;
		};
/* End XCBuildConfiguration section */

/* Begin XCConfigurationList section */
		FEE1B05B2C7913600015DB7A /* Build configuration list for PBXProject "iMarket" */ = {
			isa = XCConfigurationList;
			buildConfigurations = (
				FEE1B06C2C7913620015DB7A /* Debug */,
				FEE1B06D2C7913620015DB7A /* Release */,
			);
			defaultConfigurationIsVisible = 0;
			defaultConfigurationName = Release;
		};
		FEE1B06E2C7913620015DB7A /* Build configuration list for PBXNativeTarget "iMarket" */ = {
			isa = XCConfigurationList;
			buildConfigurations = (
				FEE1B06F2C7913620015DB7A /* Debug */,
				FEE1B0702C7913620015DB7A /* Release */,
			);
			defaultConfigurationIsVisible = 0;
			defaultConfigurationName = Release;
		};
/* End XCConfigurationList section */
	};
	rootObject = FEE1B0582C7913600015DB7A /* Project object */;
}
